
Microsoft Visual Studio Solution File, Format Version 12.00
# Visual Studio 15
VisualStudioVersion = 15.0.28307.271
MinimumVisualStudioVersion = 10.0.40219.1
Project("{FAE04EC0-301F-11D3-BF4B-00C04F79EFBC}") = "MVC_Simple_Calculator", "MVC_Simple_Calculator\MVC_Simple_Calculator.csproj", "{AE0E4523-C761-4642-83DE-E2C6DBA9CD1F}"
EndProject
Global
	GlobalSection(SolutionConfigurationPlatforms) = preSolution
		Debug|Any CPU = Debug|Any CPU
		Release|Any CPU = Release|Any CPU
	EndGlobalSection
	GlobalSection(ProjectConfigurationPlatforms) = postSolution
		{AE0E4523-C761-4642-83DE-E2C6DBA9CD1F}.Debug|Any CPU.ActiveCfg = Debug|Any CPU
		{AE0E4523-C761-4642-83DE-E2C6DBA9CD1F}.Debug|Any CPU.Build.0 = Debug|Any CPU
		{AE0E4523-C761-4642-83DE-E2C6DBA9CD1F}.Release|Any CPU.ActiveCfg = Release|Any CPU
		{AE0E4523-C761-4642-83DE-E2C6DBA9CD1F}.Release|Any CPU.Build.0 = Release|Any CPU
	EndGlobalSection
	GlobalSection(SolutionProperties) = preSolution
		HideSolutionNode = FALSE
	EndGlobalSection
	GlobalSection(ExtensibilityGlobals) = postSolution
		SolutionGuid = {CF522879-3587-45C2-BC1E-E5043B0C7A46}
	EndGlobalSection
EndGlobal
